
Microsoft Visual Studio Solution File, Format Version 12.00
# Visual Studio Version 16
VisualStudioVersion = 16.0.30330.147
MinimumVisualStudioVersion = 10.0.40219.1
Project("{FAE04EC0-301F-11D3-BF4B-00C04F79EFBC}") = "WPFFahrkartenautomat", "WPFFahrkartenautomat\WPFFahrkartenautomat.csproj", "{A0EAF4C8-D73A-410F-B27C-8C83FEFB2FAD}"
EndProject
Global
	GlobalSection(SolutionConfigurationPlatforms) = preSolution
		Debug|Any CPU = Debug|Any CPU
		Release|Any CPU = Release|Any CPU
	EndGlobalSection
	GlobalSection(ProjectConfigurationPlatforms) = postSolution
		{A0EAF4C8-D73A-410F-B27C-8C83FEFB2FAD}.Debug|Any CPU.ActiveCfg = Debug|Any CPU
		{A0EAF4C8-D73A-410F-B27C-8C83FEFB2FAD}.Debug|Any CPU.Build.0 = Debug|Any CPU
		{A0EAF4C8-D73A-410F-B27C-8C83FEFB2FAD}.Release|Any CPU.ActiveCfg = Release|Any CPU
		{A0EAF4C8-D73A-410F-B27C-8C83FEFB2FAD}.Release|Any CPU.Build.0 = Release|Any CPU
	EndGlobalSection
	GlobalSection(SolutionProperties) = preSolution
		HideSolutionNode = FALSE
	EndGlobalSection
	GlobalSection(ExtensibilityGlobals) = postSolution
		SolutionGuid = {34353209-7ED8-4EA7-8198-EE4A99D1D70C}
	EndGlobalSection
EndGlobal
